
Microsoft Visual Studio Solution File, Format Version 12.00
# Visual Studio Version 17
VisualStudioVersion = 17.7.34202.233
MinimumVisualStudioVersion = 10.0.40219.1
Project("{2150E333-8FDC-42A3-9474-1A3956D46DE8}") = "src", "src", "{2020A22F-870E-45E0-822F-AEA6FB6659C6}"
EndProject
Project("{2150E333-8FDC-42A3-9474-1A3956D46DE8}") = "Building Blocks", "Building Blocks", "{5DFD1E09-B43D-4618-BCBC-C0433C0B6D5F}"
EndProject
Project("{2150E333-8FDC-42A3-9474-1A3956D46DE8}") = "Services", "Services", "{4E73B961-87C3-4E96-AE59-0D96EEAA1774}"
EndProject
Project("{2150E333-8FDC-42A3-9474-1A3956D46DE8}") = "Web", "Web", "{79163FE7-EA96-435B-9593-5F08199671C5}"
EndProject
Project("{9A19103F-16F7-4668-BE54-9A1E7A4F7556}") = "Nse.WebApp.Mvc", "src\Web\Nse.WebApp.Mvc\Nse.WebApp.Mvc.csproj", "{B422F573-6D23-4875-B004-3565F25B0211}"
EndProject
Project("{FAE04EC0-301F-11D3-BF4B-00C04F79EFBC}") = "Nse.Carrinho.Api", "src\Services\Nse.Carrinho.Api\Nse.Carrinho.Api.csproj", "{8F9F66C4-242F-440D-B2F4-8FB229BBC3F2}"
EndProject
Project("{FAE04EC0-301F-11D3-BF4B-00C04F79EFBC}") = "Nse.Catalogo.Api", "src\Services\Nse.Catalogo.Api\Nse.Catalogo.Api.csproj", "{0614634B-AC57-4E48-9ABA-2A88717CBC8C}"
EndProject
Project("{FAE04EC0-301F-11D3-BF4B-00C04F79EFBC}") = "Nse.Cliente.Api", "src\Services\Nse.Cliente.Api\Nse.Cliente.Api.csproj", "{C1DFC3E4-19D0-4F99-A739-F9A936CD39F8}"
EndProject
Project("{FAE04EC0-301F-11D3-BF4B-00C04F79EFBC}") = "Nse.Identidade.Api", "src\Services\Nse.Identidade.Api\Nse.Identidade.Api.csproj", "{9952AA56-AA3F-4E94-9350-417A18B16BFB}"
EndProject
Project("{FAE04EC0-301F-11D3-BF4B-00C04F79EFBC}") = "Nse.Pagamento.Api", "src\Services\Nse.Pagamento.Api\Nse.Pagamento.Api.csproj", "{F7E5783C-9BCB-4A82-AA49-BBB414EC7D2E}"
EndProject
Project("{FAE04EC0-301F-11D3-BF4B-00C04F79EFBC}") = "Nse.Pedido.Api", "src\Services\Nse.Pedido.Api\Nse.Pedido.Api.csproj", "{DA5F509E-3545-4DDC-BA26-AC97596D2E3D}"
EndProject
Global
	GlobalSection(SolutionConfigurationPlatforms) = preSolution
		Debug|Any CPU = Debug|Any CPU
		Release|Any CPU = Release|Any CPU
	EndGlobalSection
	GlobalSection(ProjectConfigurationPlatforms) = postSolution
		{B422F573-6D23-4875-B004-3565F25B0211}.Debug|Any CPU.ActiveCfg = Debug|Any CPU
		{B422F573-6D23-4875-B004-3565F25B0211}.Debug|Any CPU.Build.0 = Debug|Any CPU
		{B422F573-6D23-4875-B004-3565F25B0211}.Release|Any CPU.ActiveCfg = Release|Any CPU
		{B422F573-6D23-4875-B004-3565F25B0211}.Release|Any CPU.Build.0 = Release|Any CPU
		{8F9F66C4-242F-440D-B2F4-8FB229BBC3F2}.Debug|Any CPU.ActiveCfg = Debug|Any CPU
		{8F9F66C4-242F-440D-B2F4-8FB229BBC3F2}.Debug|Any CPU.Build.0 = Debug|Any CPU
		{8F9F66C4-242F-440D-B2F4-8FB229BBC3F2}.Release|Any CPU.ActiveCfg = Release|Any CPU
		{8F9F66C4-242F-440D-B2F4-8FB229BBC3F2}.Release|Any CPU.Build.0 = Release|Any CPU
		{0614634B-AC57-4E48-9ABA-2A88717CBC8C}.Debug|Any CPU.ActiveCfg = Debug|Any CPU
		{0614634B-AC57-4E48-9ABA-2A88717CBC8C}.Debug|Any CPU.Build.0 = Debug|Any CPU
		{0614634B-AC57-4E48-9ABA-2A88717CBC8C}.Release|Any CPU.ActiveCfg = Release|Any CPU
		{0614634B-AC57-4E48-9ABA-2A88717CBC8C}.Release|Any CPU.Build.0 = Release|Any CPU
		{C1DFC3E4-19D0-4F99-A739-F9A936CD39F8}.Debug|Any CPU.ActiveCfg = Debug|Any CPU
		{C1DFC3E4-19D0-4F99-A739-F9A936CD39F8}.Debug|Any CPU.Build.0 = Debug|Any CPU
		{C1DFC3E4-19D0-4F99-A739-F9A936CD39F8}.Release|Any CPU.ActiveCfg = Release|Any CPU
		{C1DFC3E4-19D0-4F99-A739-F9A936CD39F8}.Release|Any CPU.Build.0 = Release|Any CPU
		{9952AA56-AA3F-4E94-9350-417A18B16BFB}.Debug|Any CPU.ActiveCfg = Debug|Any CPU
		{9952AA56-AA3F-4E94-9350-417A18B16BFB}.Debug|Any CPU.Build.0 = Debug|Any CPU
		{9952AA56-AA3F-4E94-9350-417A18B16BFB}.Release|Any CPU.ActiveCfg = Release|Any CPU
		{9952AA56-AA3F-4E94-9350-417A18B16BFB}.Release|Any CPU.Build.0 = Release|Any CPU
		{F7E5783C-9BCB-4A82-AA49-BBB414EC7D2E}.Debug|Any CPU.ActiveCfg = Debug|Any CPU
		{F7E5783C-9BCB-4A82-AA49-BBB414EC7D2E}.Debug|Any CPU.Build.0 = Debug|Any CPU
		{F7E5783C-9BCB-4A82-AA49-BBB414EC7D2E}.Release|Any CPU.ActiveCfg = Release|Any CPU
		{F7E5783C-9BCB-4A82-AA49-BBB414EC7D2E}.Release|Any CPU.Build.0 = Release|Any CPU
		{DA5F509E-3545-4DDC-BA26-AC97596D2E3D}.Debug|Any CPU.ActiveCfg = Debug|Any CPU
		{DA5F509E-3545-4DDC-BA26-AC97596D2E3D}.Debug|Any CPU.Build.0 = Debug|Any CPU
		{DA5F509E-3545-4DDC-BA26-AC97596D2E3D}.Release|Any CPU.ActiveCfg = Release|Any CPU
		{DA5F509E-3545-4DDC-BA26-AC97596D2E3D}.Release|Any CPU.Build.0 = Release|Any CPU
	EndGlobalSection
	GlobalSection(SolutionProperties) = preSolution
		HideSolutionNode = FALSE
	EndGlobalSection
	GlobalSection(NestedProjects) = preSolution
		{5DFD1E09-B43D-4618-BCBC-C0433C0B6D5F} = {2020A22F-870E-45E0-822F-AEA6FB6659C6}
		{4E73B961-87C3-4E96-AE59-0D96EEAA1774} = {2020A22F-870E-45E0-822F-AEA6FB6659C6}
		{79163FE7-EA96-435B-9593-5F08199671C5} = {2020A22F-870E-45E0-822F-AEA6FB6659C6}
		{B422F573-6D23-4875-B004-3565F25B0211} = {79163FE7-EA96-435B-9593-5F08199671C5}
		{8F9F66C4-242F-440D-B2F4-8FB229BBC3F2} = {4E73B961-87C3-4E96-AE59-0D96EEAA1774}
		{0614634B-AC57-4E48-9ABA-2A88717CBC8C} = {4E73B961-87C3-4E96-AE59-0D96EEAA1774}
		{C1DFC3E4-19D0-4F99-A739-F9A936CD39F8} = {4E73B961-87C3-4E96-AE59-0D96EEAA1774}
		{9952AA56-AA3F-4E94-9350-417A18B16BFB} = {4E73B961-87C3-4E96-AE59-0D96EEAA1774}
		{F7E5783C-9BCB-4A82-AA49-BBB414EC7D2E} = {4E73B961-87C3-4E96-AE59-0D96EEAA1774}
		{DA5F509E-3545-4DDC-BA26-AC97596D2E3D} = {4E73B961-87C3-4E96-AE59-0D96EEAA1774}
	EndGlobalSection
	GlobalSection(ExtensibilityGlobals) = postSolution
		SolutionGuid = {CF83BC04-E997-407F-B916-A4AE55900B69}
	EndGlobalSection
EndGlobal
